
Microsoft Visual Studio Solution File, Format Version 12.00
# Visual Studio 2013
VisualStudioVersion = 12.0.30723.0
MinimumVisualStudioVersion = 10.0.40219.1
Project("{FAE04EC0-301F-11D3-BF4B-00C04F79EFBC}") = "SerialCommunication", "SerialCommunication\SerialCommunication.csproj", "{2C6554FA-1519-4BA7-9E19-9C1C0E4C8128}"
EndProject
Project("{FAE04EC0-301F-11D3-BF4B-00C04F79EFBC}") = "OpenSerialPortMonitor", "OpenSerialPortMonitor\OpenSerialPortMonitor.csproj", "{AF5E38E8-B886-4F41-BA7E-2B209CF43515}"
EndProject
Project("{2150E333-8FDC-42A3-9474-1A3956D46DE8}") = ".nuget", ".nuget", "{D61E8141-B9D6-4B1E-9EB0-C4933E4E7875}"
	ProjectSection(SolutionItems) = preProject
		.nuget\NuGet.Config = .nuget\NuGet.Config
		.nuget\NuGet.exe = .nuget\NuGet.exe
		.nuget\NuGet.targets = .nuget\NuGet.targets
	EndProjectSection
EndProject
Global
	GlobalSection(SolutionConfigurationPlatforms) = preSolution
		Debug|Any CPU = Debug|Any CPU
		Release|Any CPU = Release|Any CPU
	EndGlobalSection
	GlobalSection(ProjectConfigurationPlatforms) = postSolution
		{2C6554FA-1519-4BA7-9E19-9C1C0E4C8128}.Debug|Any CPU.ActiveCfg = Debug|Any CPU
		{2C6554FA-1519-4BA7-9E19-9C1C0E4C8128}.Debug|Any CPU.Build.0 = Debug|Any CPU
		{2C6554FA-1519-4BA7-9E19-9C1C0E4C8128}.Release|Any CPU.ActiveCfg = Release|Any CPU
		{2C6554FA-1519-4BA7-9E19-9C1C0E4C8128}.Release|Any CPU.Build.0 = Release|Any CPU
		{AF5E38E8-B886-4F41-BA7E-2B209CF43515}.Debug|Any CPU.ActiveCfg = Debug|Any CPU
		{AF5E38E8-B886-4F41-BA7E-2B209CF43515}.Debug|Any CPU.Build.0 = Debug|Any CPU
		{AF5E38E8-B886-4F41-BA7E-2B209CF43515}.Release|Any CPU.ActiveCfg = Release|Any CPU
		{AF5E38E8-B886-4F41-BA7E-2B209CF43515}.Release|Any CPU.Build.0 = Release|Any CPU
	EndGlobalSection
	GlobalSection(SolutionProperties) = preSolution
		HideSolutionNode = FALSE
	EndGlobalSection
EndGlobal
